// !$*UTF8*$!
{
	archiveVersion = 1;
	classes = {
	};
	objectVersion = 56;
	objects = {

/* Begin PBXBuildFile section */
		4C1860152AA47BE70066CFAE /* AppDelegate.swift in Sources */ = {isa = PBXBuildFile; fileRef = 4C1860142AA47BE70066CFAE /* AppDelegate.swift */; };
		4C1860172AA47BE70066CFAE /* ViewController.swift in Sources */ = {isa = PBXBuildFile; fileRef = 4C1860162AA47BE70066CFAE /* ViewController.swift */; };
		4C18601A2AA47BE70066CFAE /* Board.xcdatamodeld in Sources */ = {isa = PBXBuildFile; fileRef = 4C1860182AA47BE70066CFAE /* Board.xcdatamodeld */; };
		4C18601C2AA47BE80066CFAE /* Assets.xcassets in Resources */ = {isa = PBXBuildFile; fileRef = 4C18601B2AA47BE80066CFAE /* Assets.xcassets */; };
		4C18601F2AA47BE80066CFAE /* Main.storyboard in Resources */ = {isa = PBXBuildFile; fileRef = 4C18601D2AA47BE80066CFAE /* Main.storyboard */; };
		4C18602A2AA47BE80066CFAE /* BoardTests.swift in Sources */ = {isa = PBXBuildFile; fileRef = 4C1860292AA47BE80066CFAE /* BoardTests.swift */; };
		4C1860342AA47BE80066CFAE /* BoardUITests.swift in Sources */ = {isa = PBXBuildFile; fileRef = 4C1860332AA47BE80066CFAE /* BoardUITests.swift */; };
		4C1860362AA47BE80066CFAE /* BoardUITestsLaunchTests.swift in Sources */ = {isa = PBXBuildFile; fileRef = 4C1860352AA47BE80066CFAE /* BoardUITestsLaunchTests.swift */; };
/* End PBXBuildFile section */

/* Begin PBXContainerItemProxy section */
		4C1860262AA47BE80066CFAE /* PBXContainerItemProxy */ = {
			isa = PBXContainerItemProxy;
			containerPortal = 4C1860092AA47BE70066CFAE /* Project object */;
			proxyType = 1;
			remoteGlobalIDString = 4C1860102AA47BE70066CFAE;
			remoteInfo = Board;
		};
		4C1860302AA47BE80066CFAE /* PBXContainerItemProxy */ = {
			isa = PBXContainerItemProxy;
			containerPortal = 4C1860092AA47BE70066CFAE /* Project object */;
			proxyType = 1;
			remoteGlobalIDString = 4C1860102AA47BE70066CFAE;
			remoteInfo = Board;
		};
/* End PBXContainerItemProxy section */

/* Begin PBXFileReference section */
		4C1860112AA47BE70066CFAE /* Board.app */ = {isa = PBXFileReference; explicitFileType = wrapper.application; includeInIndex = 0; path = Board.app; sourceTree = BUILT_PRODUCTS_DIR; };
		4C1860142AA47BE70066CFAE /* AppDelegate.swift */ = {isa = PBXFileReference; lastKnownFileType = sourcecode.swift; path = AppDelegate.swift; sourceTree = "<group>"; };
		4C1860162AA47BE70066CFAE /* ViewController.swift */ = {isa = PBXFileReference; lastKnownFileType = sourcecode.swift; path = ViewController.swift; sourceTree = "<group>"; };
		4C1860192AA47BE70066CFAE /* Board.xcdatamodel */ = {isa = PBXFileReference; lastKnownFileType = wrapper.xcdatamodel; path = Board.xcdatamodel; sourceTree = "<group>"; };
		4C18601B2AA47BE80066CFAE /* Assets.xcassets */ = {isa = PBXFileReference; lastKnownFileType = folder.assetcatalog; path = Assets.xcassets; sourceTree = "<group>"; };
		4C18601E2AA47BE80066CFAE /* Base */ = {isa = PBXFileReference; lastKnownFileType = file.storyboard; name = Base; path = Base.lproj/Main.storyboard; sourceTree = "<group>"; };
		4C1860202AA47BE80066CFAE /* Board.entitlements */ = {isa = PBXFileReference; lastKnownFileType = text.plist.entitlements; path = Board.entitlements; sourceTree = "<group>"; };
		4C1860252AA47BE80066CFAE /* BoardTests.xctest */ = {isa = PBXFileReference; explicitFileType = wrapper.cfbundle; includeInIndex = 0; path = BoardTests.xctest; sourceTree = BUILT_PRODUCTS_DIR; };
		4C1860292AA47BE80066CFAE /* BoardTests.swift */ = {isa = PBXFileReference; lastKnownFileType = sourcecode.swift; path = BoardTests.swift; sourceTree = "<group>"; };
		4C18602F2AA47BE80066CFAE /* BoardUITests.xctest */ = {isa = PBXFileReference; explicitFileType = wrapper.cfbundle; includeInIndex = 0; path = BoardUITests.xctest; sourceTree = BUILT_PRODUCTS_DIR; };
		4C1860332AA47BE80066CFAE /* BoardUITests.swift */ = {isa = PBXFileReference; lastKnownFileType = sourcecode.swift; path = BoardUITests.swift; sourceTree = "<group>"; };
		4C1860352AA47BE80066CFAE /* BoardUITestsLaunchTests.swift */ = {isa = PBXFileReference; lastKnownFileType = sourcecode.swift; path = BoardUITestsLaunchTests.swift; sourceTree = "<group>"; };
/* End PBXFileReference section */

/* Begin PBXFrameworksBuildPhase section */
		4C18600E2AA47BE70066CFAE /* Frameworks */ = {
			isa = PBXFrameworksBuildPhase;
			buildActionMask = 2147483647;
			files = (
			);
			runOnlyForDeploymentPostprocessing = 0;
		};
		4C1860222AA47BE80066CFAE /* Frameworks */ = {
			isa = PBXFrameworksBuildPhase;
			buildActionMask = 2147483647;
			files = (
			);
			runOnlyForDeploymentPostprocessing = 0;
		};
		4C18602C2AA47BE80066CFAE /* Frameworks */ = {
			isa = PBXFrameworksBuildPhase;
			buildActionMask = 2147483647;
			files = (
			);
			runOnlyForDeploymentPostprocessing = 0;
		};
/* End PBXFrameworksBuildPhase section */

/* Begin PBXGroup section */
		4C1860082AA47BE70066CFAE = {
			isa = PBXGroup;
			children = (
				4C1860132AA47BE70066CFAE /* Board */,
				4C1860282AA47BE80066CFAE /* BoardTests */,
				4C1860322AA47BE80066CFAE /* BoardUITests */,
				4C1860122AA47BE70066CFAE /* Products */,
			);
			sourceTree = "<group>";
		};
		4C1860122AA47BE70066CFAE /* Products */ = {
			isa = PBXGroup;
			children = (
				4C1860112AA47BE70066CFAE /* Board.app */,
				4C1860252AA47BE80066CFAE /* BoardTests.xctest */,
				4C18602F2AA47BE80066CFAE /* BoardUITests.xctest */,
			);
			name = Products;
			sourceTree = "<group>";
		};
		4C1860132AA47BE70066CFAE /* Board */ = {
			isa = PBXGroup;
			children = (
				4C1860142AA47BE70066CFAE /* AppDelegate.swift */,
				4C1860162AA47BE70066CFAE /* ViewController.swift */,
				4C18601B2AA47BE80066CFAE /* Assets.xcassets */,
				4C18601D2AA47BE80066CFAE /* Main.storyboard */,
				4C1860202AA47BE80066CFAE /* Board.entitlements */,
				4C1860182AA47BE70066CFAE /* Board.xcdatamodeld */,
			);
			path = Board;
			sourceTree = "<group>";
		};
		4C1860282AA47BE80066CFAE /* BoardTests */ = {
			isa = PBXGroup;
			children = (
				4C1860292AA47BE80066CFAE /* BoardTests.swift */,
			);
			path = BoardTests;
			sourceTree = "<group>";
		};
		4C1860322AA47BE80066CFAE /* BoardUITests */ = {
			isa = PBXGroup;
			children = (
				4C1860332AA47BE80066CFAE /* BoardUITests.swift */,
				4C1860352AA47BE80066CFAE /* BoardUITestsLaunchTests.swift */,
			);
			path = BoardUITests;
			sourceTree = "<group>";
		};
/* End PBXGroup section */

/* Begin PBXNativeTarget section */
		4C1860102AA47BE70066CFAE /* Board */ = {
			isa = PBXNativeTarget;
			buildConfigurationList = 4C1860392AA47BE80066CFAE /* Build configuration list for PBXNativeTarget "Board" */;
			buildPhases = (
				4C18600D2AA47BE70066CFAE /* Sources */,
				4C18600E2AA47BE70066CFAE /* Frameworks */,
				4C18600F2AA47BE70066CFAE /* Resources */,
			);
			buildRules = (
			);
			dependencies = (
			);
			name = Board;
			productName = Board;
			productReference = 4C1860112AA47BE70066CFAE /* Board.app */;
			productType = "com.apple.product-type.application";
		};
		4C1860242AA47BE80066CFAE /* BoardTests */ = {
			isa = PBXNativeTarget;
			buildConfigurationList = 4C18603C2AA47BE80066CFAE /* Build configuration list for PBXNativeTarget "BoardTests" */;
			buildPhases = (
				4C1860212AA47BE80066CFAE /* Sources */,
				4C1860222AA47BE80066CFAE /* Frameworks */,
				4C1860232AA47BE80066CFAE /* Resources */,
			);
			buildRules = (
			);
			dependencies = (
				4C1860272AA47BE80066CFAE /* PBXTargetDependency */,
			);
			name = BoardTests;
			productName = BoardTests;
			productReference = 4C1860252AA47BE80066CFAE /* BoardTests.xctest */;
			productType = "com.apple.product-type.bundle.unit-test";
		};
		4C18602E2AA47BE80066CFAE /* BoardUITests */ = {
			isa = PBXNativeTarget;
			buildConfigurationList = 4C18603F2AA47BE80066CFAE /* Build configuration list for PBXNativeTarget "BoardUITests" */;
			buildPhases = (
				4C18602B2AA47BE80066CFAE /* Sources */,
				4C18602C2AA47BE80066CFAE /* Frameworks */,
				4C18602D2AA47BE80066CFAE /* Resources */,
			);
			buildRules = (
			);
			dependencies = (
				4C1860312AA47BE80066CFAE /* PBXTargetDependency */,
			);
			name = BoardUITests;
			productName = BoardUITests;
			productReference = 4C18602F2AA47BE80066CFAE /* BoardUITests.xctest */;
			productType = "com.apple.product-type.bundle.ui-testing";
		};
/* End PBXNativeTarget section */

/* Begin PBXProject section */
		4C1860092AA47BE70066CFAE /* Project object */ = {
			isa = PBXProject;
			attributes = {
				BuildIndependentTargetsInParallel = 1;
				LastSwiftUpdateCheck = 1430;
				LastUpgradeCheck = 1430;
				TargetAttributes = {
					4C1860102AA47BE70066CFAE = {
						CreatedOnToolsVersion = 14.3.1;
					};
					4C1860242AA47BE80066CFAE = {
						CreatedOnToolsVersion = 14.3.1;
						TestTargetID = 4C1860102AA47BE70066CFAE;
					};
					4C18602E2AA47BE80066CFAE = {
						CreatedOnToolsVersion = 14.3.1;
						TestTargetID = 4C1860102AA47BE70066CFAE;
					};
				};
			};
			buildConfigurationList = 4C18600C2AA47BE70066CFAE /* Build configuration list for PBXProject "Board" */;
			compatibilityVersion = "Xcode 14.0";
			developmentRegion = en;
			hasScannedForEncodings = 0;
			knownRegions = (
				en,
				Base,
			);
			mainGroup = 4C1860082AA47BE70066CFAE;
			productRefGroup = 4C1860122AA47BE70066CFAE /* Products */;
			projectDirPath = "";
			projectRoot = "";
			targets = (
				4C1860102AA47BE70066CFAE /* Board */,
				4C1860242AA47BE80066CFAE /* BoardTests */,
				4C18602E2AA47BE80066CFAE /* BoardUITests */,
			);
		};
/* End PBXProject section */

/* Begin PBXResourcesBuildPhase section */
		4C18600F2AA47BE70066CFAE /* Resources */ = {
			isa = PBXResourcesBuildPhase;
			buildActionMask = 2147483647;
			files = (
				4C18601C2AA47BE80066CFAE /* Assets.xcassets in Resources */,
				4C18601F2AA47BE80066CFAE /* Main.storyboard in Resources */,
			);
			runOnlyForDeploymentPostprocessing = 0;
		};
		4C1860232AA47BE80066CFAE /* Resources */ = {
			isa = PBXResourcesBuildPhase;
			buildActionMask = 2147483647;
			files = (
			);
			runOnlyForDeploymentPostprocessing = 0;
		};
		4C18602D2AA47BE80066CFAE /* Resources */ = {
			isa = PBXResourcesBuildPhase;
			buildActionMask = 2147483647;
			files = (
			);
			runOnlyForDeploymentPostprocessing = 0;
		};
/* End PBXResourcesBuildPhase section */

/* Begin PBXSourcesBuildPhase section */
		4C18600D2AA47BE70066CFAE /* Sources */ = {
			isa = PBXSourcesBuildPhase;
			buildActionMask = 2147483647;
			files = (
				4C18601A2AA47BE70066CFAE /* Board.xcdatamodeld in Sources */,
				4C1860172AA47BE70066CFAE /* ViewController.swift in Sources */,
				4C1860152AA47BE70066CFAE /* AppDelegate.swift in Sources */,
			);
			runOnlyForDeploymentPostprocessing = 0;
		};
		4C1860212AA47BE80066CFAE /* Sources */ = {
			isa = PBXSourcesBuildPhase;
			buildActionMask = 2147483647;
			files = (
				4C18602A2AA47BE80066CFAE /* BoardTests.swift in Sources */,
			);
			runOnlyForDeploymentPostprocessing = 0;
		};
		4C18602B2AA47BE80066CFAE /* Sources */ = {
			isa = PBXSourcesBuildPhase;
			buildActionMask = 2147483647;
			files = (
				4C1860342AA47BE80066CFAE /* BoardUITests.swift in Sources */,
				4C1860362AA47BE80066CFAE /* BoardUITestsLaunchTests.swift in Sources */,
			);
			runOnlyForDeploymentPostprocessing = 0;
		};
/* End PBXSourcesBuildPhase section */

/* Begin PBXTargetDependency section */
		4C1860272AA47BE80066CFAE /* PBXTargetDependency */ = {
			isa = PBXTargetDependency;
			target = 4C1860102AA47BE70066CFAE /* Board */;
			targetProxy = 4C1860262AA47BE80066CFAE /* PBXContainerItemProxy */;
		};
		4C1860312AA47BE80066CFAE /* PBXTargetDependency */ = {
			isa = PBXTargetDependency;
			target = 4C1860102AA47BE70066CFAE /* Board */;
			targetProxy = 4C1860302AA47BE80066CFAE /* PBXContainerItemProxy */;
		};
/* End PBXTargetDependency section */

/* Begin PBXVariantGroup section */
		4C18601D2AA47BE80066CFAE /* Main.storyboard */ = {
			isa = PBXVariantGroup;
			children = (
				4C18601E2AA47BE80066CFAE /* Base */,
			);
			name = Main.storyboard;
			sourceTree = "<group>";
		};
/* End PBXVariantGroup section */

/* Begin XCBuildConfiguration section */
		4C1860372AA47BE80066CFAE /* Debug */ = {
			isa = XCBuildConfiguration;
			buildSettings = {
				ALWAYS_SEARCH_USER_PATHS = NO;
				CLANG_ANALYZER_NONNULL = YES;
				CLANG_ANALYZER_NUMBER_OBJECT_CONVERSION = YES_AGGRESSIVE;
				CLANG_CXX_LANGUAGE_STANDARD = "gnu++20";
				CLANG_ENABLE_MODULES = YES;
				CLANG_ENABLE_OBJC_ARC = YES;
				CLANG_ENABLE_OBJC_WEAK = YES;
				CLANG_WARN_BLOCK_CAPTURE_AUTORELEASING = YES;
				CLANG_WARN_BOOL_CONVERSION = YES;
				CLANG_WARN_COMMA = YES;
				CLANG_WARN_CONSTANT_CONVERSION = YES;
				CLANG_WARN_DEPRECATED_OBJC_IMPLEMENTATIONS = YES;
				CLANG_WARN_DIRECT_OBJC_ISA_USAGE = YES_ERROR;
				CLANG_WARN_DOCUMENTATION_COMMENTS = YES;
				CLANG_WARN_EMPTY_BODY = YES;
				CLANG_WARN_ENUM_CONVERSION = YES;
				CLANG_WARN_INFINITE_RECURSION = YES;
				CLANG_WARN_INT_CONVERSION = YES;
				CLANG_WARN_NON_LITERAL_NULL_CONVERSION = YES;
				CLANG_WARN_OBJC_IMPLICIT_RETAIN_SELF = YES;
				CLANG_WARN_OBJC_LITERAL_CONVERSION = YES;
				CLANG_WARN_OBJC_ROOT_CLASS = YES_ERROR;
				CLANG_WARN_QUOTED_INCLUDE_IN_FRAMEWORK_HEADER = YES;
				CLANG_WARN_RANGE_LOOP_ANALYSIS = YES;
				CLANG_WARN_STRICT_PROTOTYPES = YES;
				CLANG_WARN_SUSPICIOUS_MOVE = YES;
				CLANG_WARN_UNGUARDED_AVAILABILITY = YES_AGGRESSIVE;
				CLANG_WARN_UNREACHABLE_CODE = YES;
				CLANG_WARN__DUPLICATE_METHOD_MATCH = YES;
				COPY_PHASE_STRIP = NO;
				DEBUG_INFORMATION_FORMAT = dwarf;
				ENABLE_STRICT_OBJC_MSGSEND = YES;
				ENABLE_TESTABILITY = YES;
				GCC_C_LANGUAGE_STANDARD = gnu11;
				GCC_DYNAMIC_NO_PIC = NO;
				GCC_NO_COMMON_BLOCKS = YES;
				GCC_OPTIMIZATION_LEVEL = 0;
				GCC_PREPROCESSOR_DEFINITIONS = (
					"DEBUG=1",
					"$(inherited)",
				);
				GCC_WARN_64_TO_32_BIT_CONVERSION = YES;
				GCC_WARN_ABOUT_RETURN_TYPE = YES_ERROR;
				GCC_WARN_UNDECLARED_SELECTOR = YES;
				GCC_WARN_UNINITIALIZED_AUTOS = YES_AGGRESSIVE;
				GCC_WARN_UNUSED_FUNCTION = YES;
				GCC_WARN_UNUSED_VARIABLE = YES;
				MACOSX_DEPLOYMENT_TARGET = 13.3;
				MTL_ENABLE_DEBUG_INFO = INCLUDE_SOURCE;
				MTL_FAST_MATH = YES;
				ONLY_ACTIVE_ARCH = YES;
				SDKROOT = macosx;
				SWIFT_ACTIVE_COMPILATION_CONDITIONS = DEBUG;
				SWIFT_OPTIMIZATION_LEVEL = "-Onone";
			};
			name = Debug;
		};
		4C1860382AA47BE80066CFAE /* Release */ = {
			isa = XCBuildConfiguration;
			buildSettings = {
				ALWAYS_SEARCH_USER_PATHS = NO;
				CLANG_ANALYZER_NONNULL = YES;
				CLANG_ANALYZER_NUMBER_OBJECT_CONVERSION = YES_AGGRESSIVE;
				CLANG_CXX_LANGUAGE_STANDARD = "gnu++20";
				CLANG_ENABLE_MODULES = YES;
				CLANG_ENABLE_OBJC_ARC = YES;
				CLANG_ENABLE_OBJC_WEAK = YES;
				CLANG_WARN_BLOCK_CAPTURE_AUTORELEASING = YES;
				CLANG_WARN_BOOL_CONVERSION = YES;
				CLANG_WARN_COMMA = YES;
				CLANG_WARN_CONSTANT_CONVERSION = YES;
				CLANG_WARN_DEPRECATED_OBJC_IMPLEMENTATIONS = YES;
				CLANG_WARN_DIRECT_OBJC_ISA_USAGE = YES_ERROR;
				CLANG_WARN_DOCUMENTATION_COMMENTS = YES;
				CLANG_WARN_EMPTY_BODY = YES;
				CLANG_WARN_ENUM_CONVERSION = YES;
				CLANG_WARN_INFINITE_RECURSION = YES;
				CLANG_WARN_INT_CONVERSION = YES;
				CLANG_WARN_NON_LITERAL_NULL_CONVERSION = YES;
				CLANG_WARN_OBJC_IMPLICIT_RETAIN_SELF = YES;
				CLANG_WARN_OBJC_LITERAL_CONVERSION = YES;
				CLANG_WARN_OBJC_ROOT_CLASS = YES_ERROR;
				CLANG_WARN_QUOTED_INCLUDE_IN_FRAMEWORK_HEADER = YES;
				CLANG_WARN_RANGE_LOOP_ANALYSIS = YES;
				CLANG_WARN_STRICT_PROTOTYPES = YES;
				CLANG_WARN_SUSPICIOUS_MOVE = YES;
				CLANG_WARN_UNGUARDED_AVAILABILITY = YES_AGGRESSIVE;
				CLANG_WARN_UNREACHABLE_CODE = YES;
				CLANG_WARN__DUPLICATE_METHOD_MATCH = YES;
				COPY_PHASE_STRIP = NO;
				DEBUG_INFORMATION_FORMAT = "dwarf-with-dsym";
				ENABLE_NS_ASSERTIONS = NO;
				ENABLE_STRICT_OBJC_MSGSEND = YES;
				GCC_C_LANGUAGE_STANDARD = gnu11;
				GCC_NO_COMMON_BLOCKS = YES;
				GCC_WARN_64_TO_32_BIT_CONVERSION = YES;
				GCC_WARN_ABOUT_RETURN_TYPE = YES_ERROR;
				GCC_WARN_UNDECLARED_SELECTOR = YES;
				GCC_WARN_UNINITIALIZED_AUTOS = YES_AGGRESSIVE;
				GCC_WARN_UNUSED_FUNCTION = YES;
				GCC_WARN_UNUSED_VARIABLE = YES;
				MACOSX_DEPLOYMENT_TARGET = 13.3;
				MTL_ENABLE_DEBUG_INFO = NO;
				MTL_FAST_MATH = YES;
				SDKROOT = macosx;
				SWIFT_COMPILATION_MODE = wholemodule;
				SWIFT_OPTIMIZATION_LEVEL = "-O";
			};
			name = Release;
		};
		4C18603A2AA47BE80066CFAE /* Debug */ = {
			isa = XCBuildConfiguration;
			buildSettings = {
				ASSETCATALOG_COMPILER_APPICON_NAME = AppIcon;
				ASSETCATALOG_COMPILER_GLOBAL_ACCENT_COLOR_NAME = AccentColor;
				CODE_SIGN_ENTITLEMENTS = Board/Board.entitlements;
				CODE_SIGN_STYLE = Automatic;
				COMBINE_HIDPI_IMAGES = YES;
				CURRENT_PROJECT_VERSION = 1;
				DEVELOPMENT_TEAM = 48KV35Y6PN;
				ENABLE_HARDENED_RUNTIME = YES;
				GENERATE_INFOPLIST_FILE = YES;
				INFOPLIST_KEY_NSHumanReadableCopyright = "";
				INFOPLIST_KEY_NSMainStoryboardFile = Main;
				INFOPLIST_KEY_NSPrincipalClass = NSApplication;
				LD_RUNPATH_SEARCH_PATHS = (
					"$(inherited)",
					"@executable_path/../Frameworks",
				);
				MACOSX_DEPLOYMENT_TARGET = 10.15;
				MARKETING_VERSION = 1.0;
				PRODUCT_BUNDLE_IDENTIFIER = com.paperwave.Board;
				PRODUCT_NAME = "$(TARGET_NAME)";
				SWIFT_EMIT_LOC_STRINGS = YES;
				SWIFT_VERSION = 5.0;
			};
			name = Debug;
		};
		4C18603B2AA47BE80066CFAE /* Release */ = {
			isa = XCBuildConfiguration;
			buildSettings = {
				ASSETCATALOG_COMPILER_APPICON_NAME = AppIcon;
				ASSETCATALOG_COMPILER_GLOBAL_ACCENT_COLOR_NAME = AccentColor;
				CODE_SIGN_ENTITLEMENTS = Board/Board.entitlements;
				CODE_SIGN_STYLE = Automatic;
				COMBINE_HIDPI_IMAGES = YES;
				CURRENT_PROJECT_VERSION = 1;
				DEVELOPMENT_TEAM = 48KV35Y6PN;
				ENABLE_HARDENED_RUNTIME = YES;
				GENERATE_INFOPLIST_FILE = YES;
				INFOPLIST_KEY_NSHumanReadableCopyright = "";
				INFOPLIST_KEY_NSMainStoryboardFile = Main;
				INFOPLIST_KEY_NSPrincipalClass = NSApplication;
				LD_RUNPATH_SEARCH_PATHS = (
					"$(inherited)",
					"@executable_path/../Frameworks",
				);
				MACOSX_DEPLOYMENT_TARGET = 10.15;
				MARKETING_VERSION = 1.0;
				PRODUCT_BUNDLE_IDENTIFIER = com.paperwave.Board;
				PRODUCT_NAME = "$(TARGET_NAME)";
				SWIFT_EMIT_LOC_STRINGS = YES;
				SWIFT_VERSION = 5.0;
			};
			name = Release;
		};
		4C18603D2AA47BE80066CFAE /* Debug */ = {
			isa = XCBuildConfiguration;
			buildSettings = {
				ALWAYS_EMBED_SWIFT_STANDARD_LIBRARIES = YES;
				BUNDLE_LOADER = "$(TEST_HOST)";
				CODE_SIGN_STYLE = Automatic;
				CURRENT_PROJECT_VERSION = 1;
				DEVELOPMENT_TEAM = 48KV35Y6PN;
				GENERATE_INFOPLIST_FILE = YES;
				MACOSX_DEPLOYMENT_TARGET = 10.15;
				MARKETING_VERSION = 1.0;
				PRODUCT_BUNDLE_IDENTIFIER = com.paperwave.BoardTests;
				PRODUCT_NAME = "$(TARGET_NAME)";
				SWIFT_EMIT_LOC_STRINGS = NO;
				SWIFT_VERSION = 5.0;
				TEST_HOST = "$(BUILT_PRODUCTS_DIR)/Board.app/$(BUNDLE_EXECUTABLE_FOLDER_PATH)/Board";
			};
			name = Debug;
		};
		4C18603E2AA47BE80066CFAE /* Release */ = {
			isa = XCBuildConfiguration;
			buildSettings = {
				ALWAYS_EMBED_SWIFT_STANDARD_LIBRARIES = YES;
				BUNDLE_LOADER = "$(TEST_HOST)";
				CODE_SIGN_STYLE = Automatic;
				CURRENT_PROJECT_VERSION = 1;
				DEVELOPMENT_TEAM = 48KV35Y6PN;
				GENERATE_INFOPLIST_FILE = YES;
				MACOSX_DEPLOYMENT_TARGET = 10.15;
				MARKETING_VERSION = 1.0;
				PRODUCT_BUNDLE_IDENTIFIER = com.paperwave.BoardTests;
				PRODUCT_NAME = "$(TARGET_NAME)";
				SWIFT_EMIT_LOC_STRINGS = NO;
				SWIFT_VERSION = 5.0;
				TEST_HOST = "$(BUILT_PRODUCTS_DIR)/Board.app/$(BUNDLE_EXECUTABLE_FOLDER_PATH)/Board";
			};
			name = Release;
		};
		4C1860402AA47BE80066CFAE /* Debug */ = {
			isa = XCBuildConfiguration;
			buildSettings = {
				ALWAYS_EMBED_SWIFT_STANDARD_LIBRARIES = YES;
				CODE_SIGN_STYLE = Automatic;
				CURRENT_PROJECT_VERSION = 1;
				DEVELOPMENT_TEAM = 48KV35Y6PN;
				GENERATE_INFOPLIST_FILE = YES;
				MARKETING_VERSION = 1.0;
				PRODUCT_BUNDLE_IDENTIFIER = com.paperwave.BoardUITests;
				PRODUCT_NAME = "$(TARGET_NAME)";
				SWIFT_EMIT_LOC_STRINGS = NO;
				SWIFT_VERSION = 5.0;
				TEST_TARGET_NAME = Board;
			};
			name = Debug;
		};
		4C1860412AA47BE80066CFAE /* Release */ = {
			isa = XCBuildConfiguration;
			buildSettings = {
				ALWAYS_EMBED_SWIFT_STANDARD_LIBRARIES = YES;
				CODE_SIGN_STYLE = Automatic;
				CURRENT_PROJECT_VERSION = 1;
				DEVELOPMENT_TEAM = 48KV35Y6PN;
				GENERATE_INFOPLIST_FILE = YES;
				MARKETING_VERSION = 1.0;
				PRODUCT_BUNDLE_IDENTIFIER = com.paperwave.BoardUITests;
				PRODUCT_NAME = "$(TARGET_NAME)";
				SWIFT_EMIT_LOC_STRINGS = NO;
				SWIFT_VERSION = 5.0;
				TEST_TARGET_NAME = Board;
			};
			name = Release;
		};
/* End XCBuildConfiguration section */

/* Begin XCConfigurationList section */
		4C18600C2AA47BE70066CFAE /* Build configuration list for PBXProject "Board" */ = {
			isa = XCConfigurationList;
			buildConfigurations = (
				4C1860372AA47BE80066CFAE /* Debug */,
				4C1860382AA47BE80066CFAE /* Release */,
			);
			defaultConfigurationIsVisible = 0;
			defaultConfigurationName = Release;
		};
		4C1860392AA47BE80066CFAE /* Build configuration list for PBXNativeTarget "Board" */ = {
			isa = XCConfigurationList;
			buildConfigurations = (
				4C18603A2AA47BE80066CFAE /* Debug */,
				4C18603B2AA47BE80066CFAE /* Release */,
			);
			defaultConfigurationIsVisible = 0;
			defaultConfigurationName = Release;
		};
		4C18603C2AA47BE80066CFAE /* Build configuration list for PBXNativeTarget "BoardTests" */ = {
			isa = XCConfigurationList;
			buildConfigurations = (
				4C18603D2AA47BE80066CFAE /* Debug */,
				4C18603E2AA47BE80066CFAE /* Release */,
			);
			defaultConfigurationIsVisible = 0;
			defaultConfigurationName = Release;
		};
		4C18603F2AA47BE80066CFAE /* Build configuration list for PBXNativeTarget "BoardUITests" */ = {
			isa = XCConfigurationList;
			buildConfigurations = (
				4C1860402AA47BE80066CFAE /* Debug */,
				4C1860412AA47BE80066CFAE /* Release */,
			);
			defaultConfigurationIsVisible = 0;
			defaultConfigurationName = Release;
		};
/* End XCConfigurationList section */

/* Begin XCVersionGroup section */
		4C1860182AA47BE70066CFAE /* Board.xcdatamodeld */ = {
			isa = XCVersionGroup;
			children = (
				4C1860192AA47BE70066CFAE /* Board.xcdatamodel */,
			);
			currentVersion = 4C1860192AA47BE70066CFAE /* Board.xcdatamodel */;
			path = Board.xcdatamodeld;
			sourceTree = "<group>";
			versionGroupType = wrapper.xcdatamodel;
		};
/* End XCVersionGroup section */
	};
	rootObject = 4C1860092AA47BE70066CFAE /* Project object */;
}
