// !$*UTF8*$!
{
	archiveVersion = 1;
	classes = {
	};
	objectVersion = 56;
	objects = {

/* Begin PBXBuildFile section */
		4C1860152AA47BE70066CFAE /* AppDelegate.swift in Sources */ = {isa = PBXBuildFile; fileRef = 4C1860142AA47BE70066CFAE /* AppDelegate.swift */; };
		4C18601A2AA47BE70066CFAE /* Board.xcdatamodeld in Sources */ = {isa = PBXBuildFile; fileRef = 4C1860182AA47BE70066CFAE /* Board.xcdatamodeld */; };
		4C18601C2AA47BE80066CFAE /* Assets.xcassets in Resources */ = {isa = PBXBuildFile; fileRef = 4C18601B2AA47BE80066CFAE /* Assets.xcassets */; };
		4C18601F2AA47BE80066CFAE /* Main.storyboard in Resources */ = {isa = PBXBuildFile; fileRef = 4C18601D2AA47BE80066CFAE /* Main.storyboard */; };
		4C18602A2AA47BE80066CFAE /* BoardTests.swift in Sources */ = {isa = PBXBuildFile; fileRef = 4C1860292AA47BE80066CFAE /* BoardTests.swift */; };
		4C1860342AA47BE80066CFAE /* BoardUITests.swift in Sources */ = {isa = PBXBuildFile; fileRef = 4C1860332AA47BE80066CFAE /* BoardUITests.swift */; };
		4C1860362AA47BE80066CFAE /* BoardUITestsLaunchTests.swift in Sources */ = {isa = PBXBuildFile; fileRef = 4C1860352AA47BE80066CFAE /* BoardUITestsLaunchTests.swift */; };
		4C1860432AA47C100066CFAE /* main.swift in Sources */ = {isa = PBXBuildFile; fileRef = 4C1860422AA47C100066CFAE /* main.swift */; };
		4C1860472AA47C6D0066CFAE /* AppCoordinator.swift in Sources */ = {isa = PBXBuildFile; fileRef = 4C1860462AA47C6D0066CFAE /* AppCoordinator.swift */; };
		4C18604A2AA47C9B0066CFAE /* AppRouter.swift in Sources */ = {isa = PBXBuildFile; fileRef = 4C1860492AA47C9B0066CFAE /* AppRouter.swift */; };
		4C18604D2AA47CB40066CFAE /* NSWindow+Extension.swift in Sources */ = {isa = PBXBuildFile; fileRef = 4C18604C2AA47CB40066CFAE /* NSWindow+Extension.swift */; };
		4C18604F2AA47CBA0066CFAE /* ViewController.swift in Sources */ = {isa = PBXBuildFile; fileRef = 4C18604E2AA47CBA0066CFAE /* ViewController.swift */; };
		4C1860522AA47D6F0066CFAE /* NavigationUnitAssembly.swift in Sources */ = {isa = PBXBuildFile; fileRef = 4C1860512AA47D6F0066CFAE /* NavigationUnitAssembly.swift */; };
		4C1860562AA48EA10066CFAE /* NavigationUnitPresenter.swift in Sources */ = {isa = PBXBuildFile; fileRef = 4C1860552AA48EA10066CFAE /* NavigationUnitPresenter.swift */; };
		4C1860582AA492780066CFAE /* NavigationUnitView.swift in Sources */ = {isa = PBXBuildFile; fileRef = 4C1860572AA492780066CFAE /* NavigationUnitView.swift */; };
		4C18605C2AA4AAD80066CFAE /* ConfigurableView.swift in Sources */ = {isa = PBXBuildFile; fileRef = 4C18605B2AA4AAD80066CFAE /* ConfigurableView.swift */; };
		4C18605E2AA4AAF90066CFAE /* ViewConfiguration.swift in Sources */ = {isa = PBXBuildFile; fileRef = 4C18605D2AA4AAF90066CFAE /* ViewConfiguration.swift */; };
		4C1860622AA4ACD50066CFAE /* LabelView.swift in Sources */ = {isa = PBXBuildFile; fileRef = 4C1860612AA4ACD50066CFAE /* LabelView.swift */; };
		4C1860642AA4ACF40066CFAE /* LabelConfig.swift in Sources */ = {isa = PBXBuildFile; fileRef = 4C1860632AA4ACF40066CFAE /* LabelConfig.swift */; };
		4C1860672AA4B8E30066CFAE /* NavigationItem.swift in Sources */ = {isa = PBXBuildFile; fileRef = 4C1860662AA4B8E30066CFAE /* NavigationItem.swift */; };
		4C1860692AA4BAA90066CFAE /* ViewOutput.swift in Sources */ = {isa = PBXBuildFile; fileRef = 4C1860682AA4BAA90066CFAE /* ViewOutput.swift */; };
		4C18606E2AA4C0CB0066CFAE /* AppStateProvider.swift in Sources */ = {isa = PBXBuildFile; fileRef = 4C18606D2AA4C0CB0066CFAE /* AppStateProvider.swift */; };
		4C1860702AA4C0EA0066CFAE /* AppState.swift in Sources */ = {isa = PBXBuildFile; fileRef = 4C18606F2AA4C0EA0066CFAE /* AppState.swift */; };
		4C1860722AA4C13D0066CFAE /* StateProvider.swift in Sources */ = {isa = PBXBuildFile; fileRef = 4C1860712AA4C13D0066CFAE /* StateProvider.swift */; };
		4C18607C2AA4DC0E0066CFAE /* NavigationUnitPresenterTests.swift in Sources */ = {isa = PBXBuildFile; fileRef = 4C18607B2AA4DC0E0066CFAE /* NavigationUnitPresenterTests.swift */; };
		4C18607F2AA4DC5C0066CFAE /* StateProviderMock.swift in Sources */ = {isa = PBXBuildFile; fileRef = 4C18607E2AA4DC5C0066CFAE /* StateProviderMock.swift */; };
		4C1860832AA4E7EE0066CFAE /* NavigationViewMock.swift in Sources */ = {isa = PBXBuildFile; fileRef = 4C1860822AA4E7EE0066CFAE /* NavigationViewMock.swift */; };
		4C1860862AA4EF1C0066CFAE /* BacklogUnitAssembly.swift in Sources */ = {isa = PBXBuildFile; fileRef = 4C1860852AA4EF1C0066CFAE /* BacklogUnitAssembly.swift */; };
		4C1860882AA4EF7A0066CFAE /* BacklogUnitPresenter.swift in Sources */ = {isa = PBXBuildFile; fileRef = 4C1860872AA4EF7A0066CFAE /* BacklogUnitPresenter.swift */; };
		4C18608A2AA4F2330066CFAE /* BacklogUnitView.swift in Sources */ = {isa = PBXBuildFile; fileRef = 4C1860892AA4F2330066CFAE /* BacklogUnitView.swift */; };
		4C18608D2AA4F5EA0066CFAE /* NSTableView+Extension.swift in Sources */ = {isa = PBXBuildFile; fileRef = 4C18608C2AA4F5EA0066CFAE /* NSTableView+Extension.swift */; };
		4C1860902AA4F7B40066CFAE /* BacklogItem.swift in Sources */ = {isa = PBXBuildFile; fileRef = 4C18608F2AA4F7B40066CFAE /* BacklogItem.swift */; };
		4C1860932AA4F9490066CFAE /* TextCell.swift in Sources */ = {isa = PBXBuildFile; fileRef = 4C1860922AA4F9490066CFAE /* TextCell.swift */; };
		4C1860952AA4F9530066CFAE /* TextItem.swift in Sources */ = {isa = PBXBuildFile; fileRef = 4C1860942AA4F9530066CFAE /* TextItem.swift */; };
		4C18609A2AA50CD10066CFAE /* BacklogUnitView+TableDelegate.swift in Sources */ = {isa = PBXBuildFile; fileRef = 4C1860992AA50CD10066CFAE /* BacklogUnitView+TableDelegate.swift */; };
		4C18609C2AA50D000066CFAE /* BacklogUnitView+DataSource.swift in Sources */ = {isa = PBXBuildFile; fileRef = 4C18609B2AA50D000066CFAE /* BacklogUnitView+DataSource.swift */; };
		4C18609E2AA50D930066CFAE /* BacklogViewOutput.swift in Sources */ = {isa = PBXBuildFile; fileRef = 4C18609D2AA50D930066CFAE /* BacklogViewOutput.swift */; };
		4C1860A02AA50DAF0066CFAE /* BacklogView.swift in Sources */ = {isa = PBXBuildFile; fileRef = 4C18609F2AA50DAF0066CFAE /* BacklogView.swift */; };
		4C1860A22AA50E300066CFAE /* NSScrollView+Extension.swift in Sources */ = {isa = PBXBuildFile; fileRef = 4C1860A12AA50E300066CFAE /* NSScrollView+Extension.swift */; };
		4C1860A92AA519060066CFAE /* ToggleCell.swift in Sources */ = {isa = PBXBuildFile; fileRef = 4C1860A82AA519060066CFAE /* ToggleCell.swift */; };
		4C1860AB2AA519130066CFAE /* ToggleItem.swift in Sources */ = {isa = PBXBuildFile; fileRef = 4C1860AA2AA519130066CFAE /* ToggleItem.swift */; };
		4C1860AD2AA59D780066CFAE /* NSImage+Extension.swift in Sources */ = {isa = PBXBuildFile; fileRef = 4C1860AC2AA59D780066CFAE /* NSImage+Extension.swift */; };
		4C1860B02AA5AF940066CFAE /* ConfigurableMenu.swift in Sources */ = {isa = PBXBuildFile; fileRef = 4C1860AF2AA5AF940066CFAE /* ConfigurableMenu.swift */; };
		4C1860B22AA5AFC70066CFAE /* MenuConfiguration.swift in Sources */ = {isa = PBXBuildFile; fileRef = 4C1860B12AA5AFC70066CFAE /* MenuConfiguration.swift */; };
		4C1860B42AA5AFED0066CFAE /* MenuItemConfiguration.swift in Sources */ = {isa = PBXBuildFile; fileRef = 4C1860B32AA5AFED0066CFAE /* MenuItemConfiguration.swift */; };
		4C1860B62AA5B00A0066CFAE /* ConfigurableMenuItem.swift in Sources */ = {isa = PBXBuildFile; fileRef = 4C1860B52AA5B00A0066CFAE /* ConfigurableMenuItem.swift */; };
		4C1860B82AA601820066CFAE /* BacklogRowModel.swift in Sources */ = {isa = PBXBuildFile; fileRef = 4C1860B72AA601820066CFAE /* BacklogRowModel.swift */; };
		4C1860BA2AA607740066CFAE /* NSView+Extension.swift in Sources */ = {isa = PBXBuildFile; fileRef = 4C1860B92AA607740066CFAE /* NSView+Extension.swift */; };
		4C1860BC2AA60D790066CFAE /* CGFloat+Extension.swift in Sources */ = {isa = PBXBuildFile; fileRef = 4C1860BB2AA60D790066CFAE /* CGFloat+Extension.swift */; };
		4C1860BE2AA610B80066CFAE /* BacklogUnitInteractor.swift in Sources */ = {isa = PBXBuildFile; fileRef = 4C1860BD2AA610B80066CFAE /* BacklogUnitInteractor.swift */; };
		4C1860C42AA6131A0066CFAE /* BacklogViewMock.swift in Sources */ = {isa = PBXBuildFile; fileRef = 4C1860C32AA6131A0066CFAE /* BacklogViewMock.swift */; };
		4C1860C62AA613960066CFAE /* BacklogUnitPresenterTests.swift in Sources */ = {isa = PBXBuildFile; fileRef = 4C1860C52AA613960066CFAE /* BacklogUnitPresenterTests.swift */; };
		4C1860C82AA614710066CFAE /* BacklogInteractorMock.swift in Sources */ = {isa = PBXBuildFile; fileRef = 4C1860C72AA614710066CFAE /* BacklogInteractorMock.swift */; };
		4C1860CB2AA616440066CFAE /* UUID+Extension.swift in Sources */ = {isa = PBXBuildFile; fileRef = 4C1860CA2AA616440066CFAE /* UUID+Extension.swift */; };
		4C1860CD2AA616640066CFAE /* String+Extension.swift in Sources */ = {isa = PBXBuildFile; fileRef = 4C1860CC2AA616640066CFAE /* String+Extension.swift */; };
/* End PBXBuildFile section */

/* Begin PBXContainerItemProxy section */
		4C1860262AA47BE80066CFAE /* PBXContainerItemProxy */ = {
			isa = PBXContainerItemProxy;
			containerPortal = 4C1860092AA47BE70066CFAE /* Project object */;
			proxyType = 1;
			remoteGlobalIDString = 4C1860102AA47BE70066CFAE;
			remoteInfo = Board;
		};
		4C1860302AA47BE80066CFAE /* PBXContainerItemProxy */ = {
			isa = PBXContainerItemProxy;
			containerPortal = 4C1860092AA47BE70066CFAE /* Project object */;
			proxyType = 1;
			remoteGlobalIDString = 4C1860102AA47BE70066CFAE;
			remoteInfo = Board;
		};
/* End PBXContainerItemProxy section */

/* Begin PBXFileReference section */
		4C1860112AA47BE70066CFAE /* Board.app */ = {isa = PBXFileReference; explicitFileType = wrapper.application; includeInIndex = 0; path = Board.app; sourceTree = BUILT_PRODUCTS_DIR; };
		4C1860142AA47BE70066CFAE /* AppDelegate.swift */ = {isa = PBXFileReference; lastKnownFileType = sourcecode.swift; path = AppDelegate.swift; sourceTree = "<group>"; };
		4C1860192AA47BE70066CFAE /* Board.xcdatamodel */ = {isa = PBXFileReference; lastKnownFileType = wrapper.xcdatamodel; path = Board.xcdatamodel; sourceTree = "<group>"; };
		4C18601B2AA47BE80066CFAE /* Assets.xcassets */ = {isa = PBXFileReference; lastKnownFileType = folder.assetcatalog; path = Assets.xcassets; sourceTree = "<group>"; };
		4C18601E2AA47BE80066CFAE /* Base */ = {isa = PBXFileReference; lastKnownFileType = file.storyboard; name = Base; path = Base.lproj/Main.storyboard; sourceTree = "<group>"; };
		4C1860202AA47BE80066CFAE /* Board.entitlements */ = {isa = PBXFileReference; lastKnownFileType = text.plist.entitlements; path = Board.entitlements; sourceTree = "<group>"; };
		4C1860252AA47BE80066CFAE /* BoardTests.xctest */ = {isa = PBXFileReference; explicitFileType = wrapper.cfbundle; includeInIndex = 0; path = BoardTests.xctest; sourceTree = BUILT_PRODUCTS_DIR; };
		4C1860292AA47BE80066CFAE /* BoardTests.swift */ = {isa = PBXFileReference; lastKnownFileType = sourcecode.swift; path = BoardTests.swift; sourceTree = "<group>"; };
		4C18602F2AA47BE80066CFAE /* BoardUITests.xctest */ = {isa = PBXFileReference; explicitFileType = wrapper.cfbundle; includeInIndex = 0; path = BoardUITests.xctest; sourceTree = BUILT_PRODUCTS_DIR; };
		4C1860332AA47BE80066CFAE /* BoardUITests.swift */ = {isa = PBXFileReference; lastKnownFileType = sourcecode.swift; path = BoardUITests.swift; sourceTree = "<group>"; };
		4C1860352AA47BE80066CFAE /* BoardUITestsLaunchTests.swift */ = {isa = PBXFileReference; lastKnownFileType = sourcecode.swift; path = BoardUITestsLaunchTests.swift; sourceTree = "<group>"; };
		4C1860422AA47C100066CFAE /* main.swift */ = {isa = PBXFileReference; lastKnownFileType = sourcecode.swift; path = main.swift; sourceTree = "<group>"; };
		4C1860462AA47C6D0066CFAE /* AppCoordinator.swift */ = {isa = PBXFileReference; fileEncoding = 4; lastKnownFileType = sourcecode.swift; path = AppCoordinator.swift; sourceTree = "<group>"; };
		4C1860492AA47C9B0066CFAE /* AppRouter.swift */ = {isa = PBXFileReference; fileEncoding = 4; lastKnownFileType = sourcecode.swift; path = AppRouter.swift; sourceTree = "<group>"; };
		4C18604C2AA47CB40066CFAE /* NSWindow+Extension.swift */ = {isa = PBXFileReference; fileEncoding = 4; lastKnownFileType = sourcecode.swift; path = "NSWindow+Extension.swift"; sourceTree = "<group>"; };
		4C18604E2AA47CBA0066CFAE /* ViewController.swift */ = {isa = PBXFileReference; fileEncoding = 4; lastKnownFileType = sourcecode.swift; path = ViewController.swift; sourceTree = "<group>"; };
		4C1860512AA47D6F0066CFAE /* NavigationUnitAssembly.swift */ = {isa = PBXFileReference; lastKnownFileType = sourcecode.swift; path = NavigationUnitAssembly.swift; sourceTree = "<group>"; };
		4C1860552AA48EA10066CFAE /* NavigationUnitPresenter.swift */ = {isa = PBXFileReference; lastKnownFileType = sourcecode.swift; path = NavigationUnitPresenter.swift; sourceTree = "<group>"; };
		4C1860572AA492780066CFAE /* NavigationUnitView.swift */ = {isa = PBXFileReference; lastKnownFileType = sourcecode.swift; path = NavigationUnitView.swift; sourceTree = "<group>"; };
		4C18605B2AA4AAD80066CFAE /* ConfigurableView.swift */ = {isa = PBXFileReference; lastKnownFileType = sourcecode.swift; path = ConfigurableView.swift; sourceTree = "<group>"; };
		4C18605D2AA4AAF90066CFAE /* ViewConfiguration.swift */ = {isa = PBXFileReference; lastKnownFileType = sourcecode.swift; path = ViewConfiguration.swift; sourceTree = "<group>"; };
		4C1860612AA4ACD50066CFAE /* LabelView.swift */ = {isa = PBXFileReference; lastKnownFileType = sourcecode.swift; path = LabelView.swift; sourceTree = "<group>"; };
		4C1860632AA4ACF40066CFAE /* LabelConfig.swift */ = {isa = PBXFileReference; lastKnownFileType = sourcecode.swift; path = LabelConfig.swift; sourceTree = "<group>"; };
		4C1860662AA4B8E30066CFAE /* NavigationItem.swift */ = {isa = PBXFileReference; lastKnownFileType = sourcecode.swift; path = NavigationItem.swift; sourceTree = "<group>"; };
		4C1860682AA4BAA90066CFAE /* ViewOutput.swift */ = {isa = PBXFileReference; lastKnownFileType = sourcecode.swift; path = ViewOutput.swift; sourceTree = "<group>"; };
		4C18606D2AA4C0CB0066CFAE /* AppStateProvider.swift */ = {isa = PBXFileReference; lastKnownFileType = sourcecode.swift; path = AppStateProvider.swift; sourceTree = "<group>"; };
		4C18606F2AA4C0EA0066CFAE /* AppState.swift */ = {isa = PBXFileReference; lastKnownFileType = sourcecode.swift; path = AppState.swift; sourceTree = "<group>"; };
		4C1860712AA4C13D0066CFAE /* StateProvider.swift */ = {isa = PBXFileReference; lastKnownFileType = sourcecode.swift; path = StateProvider.swift; sourceTree = "<group>"; };
		4C18607B2AA4DC0E0066CFAE /* NavigationUnitPresenterTests.swift */ = {isa = PBXFileReference; lastKnownFileType = sourcecode.swift; path = NavigationUnitPresenterTests.swift; sourceTree = "<group>"; };
		4C18607E2AA4DC5C0066CFAE /* StateProviderMock.swift */ = {isa = PBXFileReference; lastKnownFileType = sourcecode.swift; path = StateProviderMock.swift; sourceTree = "<group>"; };
		4C1860822AA4E7EE0066CFAE /* NavigationViewMock.swift */ = {isa = PBXFileReference; lastKnownFileType = sourcecode.swift; path = NavigationViewMock.swift; sourceTree = "<group>"; };
		4C1860852AA4EF1C0066CFAE /* BacklogUnitAssembly.swift */ = {isa = PBXFileReference; lastKnownFileType = sourcecode.swift; path = BacklogUnitAssembly.swift; sourceTree = "<group>"; };
		4C1860872AA4EF7A0066CFAE /* BacklogUnitPresenter.swift */ = {isa = PBXFileReference; lastKnownFileType = sourcecode.swift; path = BacklogUnitPresenter.swift; sourceTree = "<group>"; };
		4C1860892AA4F2330066CFAE /* BacklogUnitView.swift */ = {isa = PBXFileReference; lastKnownFileType = sourcecode.swift; path = BacklogUnitView.swift; sourceTree = "<group>"; };
		4C18608C2AA4F5EA0066CFAE /* NSTableView+Extension.swift */ = {isa = PBXFileReference; lastKnownFileType = sourcecode.swift; path = "NSTableView+Extension.swift"; sourceTree = "<group>"; };
		4C18608F2AA4F7B40066CFAE /* BacklogItem.swift */ = {isa = PBXFileReference; lastKnownFileType = sourcecode.swift; path = BacklogItem.swift; sourceTree = "<group>"; };
		4C1860922AA4F9490066CFAE /* TextCell.swift */ = {isa = PBXFileReference; lastKnownFileType = sourcecode.swift; path = TextCell.swift; sourceTree = "<group>"; };
		4C1860942AA4F9530066CFAE /* TextItem.swift */ = {isa = PBXFileReference; lastKnownFileType = sourcecode.swift; path = TextItem.swift; sourceTree = "<group>"; };
		4C1860992AA50CD10066CFAE /* BacklogUnitView+TableDelegate.swift */ = {isa = PBXFileReference; lastKnownFileType = sourcecode.swift; path = "BacklogUnitView+TableDelegate.swift"; sourceTree = "<group>"; };
		4C18609B2AA50D000066CFAE /* BacklogUnitView+DataSource.swift */ = {isa = PBXFileReference; lastKnownFileType = sourcecode.swift; path = "BacklogUnitView+DataSource.swift"; sourceTree = "<group>"; };
		4C18609D2AA50D930066CFAE /* BacklogViewOutput.swift */ = {isa = PBXFileReference; lastKnownFileType = sourcecode.swift; path = BacklogViewOutput.swift; sourceTree = "<group>"; };
		4C18609F2AA50DAF0066CFAE /* BacklogView.swift */ = {isa = PBXFileReference; lastKnownFileType = sourcecode.swift; path = BacklogView.swift; sourceTree = "<group>"; };
		4C1860A12AA50E300066CFAE /* NSScrollView+Extension.swift */ = {isa = PBXFileReference; lastKnownFileType = sourcecode.swift; path = "NSScrollView+Extension.swift"; sourceTree = "<group>"; };
		4C1860A82AA519060066CFAE /* ToggleCell.swift */ = {isa = PBXFileReference; lastKnownFileType = sourcecode.swift; path = ToggleCell.swift; sourceTree = "<group>"; };
		4C1860AA2AA519130066CFAE /* ToggleItem.swift */ = {isa = PBXFileReference; lastKnownFileType = sourcecode.swift; path = ToggleItem.swift; sourceTree = "<group>"; };
		4C1860AC2AA59D780066CFAE /* NSImage+Extension.swift */ = {isa = PBXFileReference; lastKnownFileType = sourcecode.swift; path = "NSImage+Extension.swift"; sourceTree = "<group>"; };
		4C1860AF2AA5AF940066CFAE /* ConfigurableMenu.swift */ = {isa = PBXFileReference; lastKnownFileType = sourcecode.swift; path = ConfigurableMenu.swift; sourceTree = "<group>"; };
		4C1860B12AA5AFC70066CFAE /* MenuConfiguration.swift */ = {isa = PBXFileReference; lastKnownFileType = sourcecode.swift; path = MenuConfiguration.swift; sourceTree = "<group>"; };
		4C1860B32AA5AFED0066CFAE /* MenuItemConfiguration.swift */ = {isa = PBXFileReference; lastKnownFileType = sourcecode.swift; path = MenuItemConfiguration.swift; sourceTree = "<group>"; };
		4C1860B52AA5B00A0066CFAE /* ConfigurableMenuItem.swift */ = {isa = PBXFileReference; lastKnownFileType = sourcecode.swift; path = ConfigurableMenuItem.swift; sourceTree = "<group>"; };
		4C1860B72AA601820066CFAE /* BacklogRowModel.swift */ = {isa = PBXFileReference; lastKnownFileType = sourcecode.swift; path = BacklogRowModel.swift; sourceTree = "<group>"; };
		4C1860B92AA607740066CFAE /* NSView+Extension.swift */ = {isa = PBXFileReference; lastKnownFileType = sourcecode.swift; path = "NSView+Extension.swift"; sourceTree = "<group>"; };
		4C1860BB2AA60D790066CFAE /* CGFloat+Extension.swift */ = {isa = PBXFileReference; lastKnownFileType = sourcecode.swift; path = "CGFloat+Extension.swift"; sourceTree = "<group>"; };
		4C1860BD2AA610B80066CFAE /* BacklogUnitInteractor.swift */ = {isa = PBXFileReference; lastKnownFileType = sourcecode.swift; path = BacklogUnitInteractor.swift; sourceTree = "<group>"; };
		4C1860C32AA6131A0066CFAE /* BacklogViewMock.swift */ = {isa = PBXFileReference; lastKnownFileType = sourcecode.swift; path = BacklogViewMock.swift; sourceTree = "<group>"; };
		4C1860C52AA613960066CFAE /* BacklogUnitPresenterTests.swift */ = {isa = PBXFileReference; lastKnownFileType = sourcecode.swift; path = BacklogUnitPresenterTests.swift; sourceTree = "<group>"; };
		4C1860C72AA614710066CFAE /* BacklogInteractorMock.swift */ = {isa = PBXFileReference; lastKnownFileType = sourcecode.swift; path = BacklogInteractorMock.swift; sourceTree = "<group>"; };
		4C1860CA2AA616440066CFAE /* UUID+Extension.swift */ = {isa = PBXFileReference; lastKnownFileType = sourcecode.swift; path = "UUID+Extension.swift"; sourceTree = "<group>"; };
		4C1860CC2AA616640066CFAE /* String+Extension.swift */ = {isa = PBXFileReference; lastKnownFileType = sourcecode.swift; path = "String+Extension.swift"; sourceTree = "<group>"; };
/* End PBXFileReference section */

/* Begin PBXFrameworksBuildPhase section */
		4C18600E2AA47BE70066CFAE /* Frameworks */ = {
			isa = PBXFrameworksBuildPhase;
			buildActionMask = 2147483647;
			files = (
			);
			runOnlyForDeploymentPostprocessing = 0;
		};
		4C1860222AA47BE80066CFAE /* Frameworks */ = {
			isa = PBXFrameworksBuildPhase;
			buildActionMask = 2147483647;
			files = (
			);
			runOnlyForDeploymentPostprocessing = 0;
		};
		4C18602C2AA47BE80066CFAE /* Frameworks */ = {
			isa = PBXFrameworksBuildPhase;
			buildActionMask = 2147483647;
			files = (
			);
			runOnlyForDeploymentPostprocessing = 0;
		};
/* End PBXFrameworksBuildPhase section */

/* Begin PBXGroup section */
		4C1860082AA47BE70066CFAE = {
			isa = PBXGroup;
			children = (
				4C1860132AA47BE70066CFAE /* Board */,
				4C1860282AA47BE80066CFAE /* BoardTests */,
				4C1860322AA47BE80066CFAE /* BoardUITests */,
				4C1860122AA47BE70066CFAE /* Products */,
			);
			sourceTree = "<group>";
		};
		4C1860122AA47BE70066CFAE /* Products */ = {
			isa = PBXGroup;
			children = (
				4C1860112AA47BE70066CFAE /* Board.app */,
				4C1860252AA47BE80066CFAE /* BoardTests.xctest */,
				4C18602F2AA47BE80066CFAE /* BoardUITests.xctest */,
			);
			name = Products;
			sourceTree = "<group>";
		};
		4C1860132AA47BE70066CFAE /* Board */ = {
			isa = PBXGroup;
			children = (
				4C1860422AA47C100066CFAE /* main.swift */,
				4C1860202AA47BE80066CFAE /* Board.entitlements */,
				4C18601D2AA47BE80066CFAE /* Main.storyboard */,
				4C18601B2AA47BE80066CFAE /* Assets.xcassets */,
				4C1860182AA47BE70066CFAE /* Board.xcdatamodeld */,
				4C18606C2AA4C0B10066CFAE /* Common */,
				4C18608E2AA4F7990066CFAE /* Models */,
				4C1860442AA47C480066CFAE /* Units */,
				4C1860482AA47C7E0066CFAE /* DesignSystem */,
			);
			path = Board;
			sourceTree = "<group>";
		};
		4C1860282AA47BE80066CFAE /* BoardTests */ = {
			isa = PBXGroup;
			children = (
				4C1860C92AA616310066CFAE /* Extensions */,
				4C18607D2AA4DC490066CFAE /* Mocks */,
				4C1860772AA4DBD20066CFAE /* Units */,
				4C1860292AA47BE80066CFAE /* BoardTests.swift */,
			);
			path = BoardTests;
			sourceTree = "<group>";
		};
		4C1860322AA47BE80066CFAE /* BoardUITests */ = {
			isa = PBXGroup;
			children = (
				4C1860332AA47BE80066CFAE /* BoardUITests.swift */,
				4C1860352AA47BE80066CFAE /* BoardUITestsLaunchTests.swift */,
			);
			path = BoardUITests;
			sourceTree = "<group>";
		};
		4C1860442AA47C480066CFAE /* Units */ = {
			isa = PBXGroup;
			children = (
				4C1860452AA47C580066CFAE /* App */,
				4C1860502AA47D5A0066CFAE /* Navigation */,
				4C1860842AA4EEFF0066CFAE /* Backlog */,
			);
			path = Units;
			sourceTree = "<group>";
		};
		4C1860452AA47C580066CFAE /* App */ = {
			isa = PBXGroup;
			children = (
				4C18606F2AA4C0EA0066CFAE /* AppState.swift */,
				4C18606D2AA4C0CB0066CFAE /* AppStateProvider.swift */,
				4C1860462AA47C6D0066CFAE /* AppCoordinator.swift */,
				4C1860492AA47C9B0066CFAE /* AppRouter.swift */,
				4C1860142AA47BE70066CFAE /* AppDelegate.swift */,
			);
			path = App;
			sourceTree = "<group>";
		};
		4C1860482AA47C7E0066CFAE /* DesignSystem */ = {
			isa = PBXGroup;
			children = (
				4C1860AE2AA5AF5E0066CFAE /* Menu */,
				4C1860912AA4F93D0066CFAE /* Cells */,
				4C18605A2AA4AAC90066CFAE /* Common */,
				4C18604E2AA47CBA0066CFAE /* ViewController.swift */,
				4C18604B2AA47CA10066CFAE /* Extensions */,
			);
			path = DesignSystem;
			sourceTree = "<group>";
		};
		4C18604B2AA47CA10066CFAE /* Extensions */ = {
			isa = PBXGroup;
			children = (
				4C18604C2AA47CB40066CFAE /* NSWindow+Extension.swift */,
				4C18608C2AA4F5EA0066CFAE /* NSTableView+Extension.swift */,
				4C1860A12AA50E300066CFAE /* NSScrollView+Extension.swift */,
				4C1860AC2AA59D780066CFAE /* NSImage+Extension.swift */,
				4C1860B92AA607740066CFAE /* NSView+Extension.swift */,
				4C1860BB2AA60D790066CFAE /* CGFloat+Extension.swift */,
			);
			path = Extensions;
			sourceTree = "<group>";
		};
		4C1860502AA47D5A0066CFAE /* Navigation */ = {
			isa = PBXGroup;
			children = (
				4C1860762AA4C3E70066CFAE /* Cells */,
				4C1860652AA4B8D10066CFAE /* Models */,
				4C1860512AA47D6F0066CFAE /* NavigationUnitAssembly.swift */,
				4C1860552AA48EA10066CFAE /* NavigationUnitPresenter.swift */,
				4C1860572AA492780066CFAE /* NavigationUnitView.swift */,
			);
			path = Navigation;
			sourceTree = "<group>";
		};
		4C18605A2AA4AAC90066CFAE /* Common */ = {
			isa = PBXGroup;
			children = (
				4C1860682AA4BAA90066CFAE /* ViewOutput.swift */,
				4C18605B2AA4AAD80066CFAE /* ConfigurableView.swift */,
				4C18605D2AA4AAF90066CFAE /* ViewConfiguration.swift */,
			);
			path = Common;
			sourceTree = "<group>";
		};
		4C1860602AA4ACC90066CFAE /* Label */ = {
			isa = PBXGroup;
			children = (
				4C1860612AA4ACD50066CFAE /* LabelView.swift */,
				4C1860632AA4ACF40066CFAE /* LabelConfig.swift */,
			);
			path = Label;
			sourceTree = "<group>";
		};
		4C1860652AA4B8D10066CFAE /* Models */ = {
			isa = PBXGroup;
			children = (
				4C1860662AA4B8E30066CFAE /* NavigationItem.swift */,
			);
			path = Models;
			sourceTree = "<group>";
		};
		4C18606C2AA4C0B10066CFAE /* Common */ = {
			isa = PBXGroup;
			children = (
				4C1860712AA4C13D0066CFAE /* StateProvider.swift */,
			);
			path = Common;
			sourceTree = "<group>";
		};
		4C1860762AA4C3E70066CFAE /* Cells */ = {
			isa = PBXGroup;
			children = (
				4C1860602AA4ACC90066CFAE /* Label */,
			);
			path = Cells;
			sourceTree = "<group>";
		};
		4C1860772AA4DBD20066CFAE /* Units */ = {
			isa = PBXGroup;
			children = (
				4C1860C02AA612ED0066CFAE /* Backlog */,
				4C1860782AA4DBD90066CFAE /* Navigation */,
			);
			path = Units;
			sourceTree = "<group>";
		};
		4C1860782AA4DBD90066CFAE /* Navigation */ = {
			isa = PBXGroup;
			children = (
				4C1860792AA4DBDF0066CFAE /* Mocks */,
				4C18607A2AA4DBE40066CFAE /* Tests */,
			);
			path = Navigation;
			sourceTree = "<group>";
		};
		4C1860792AA4DBDF0066CFAE /* Mocks */ = {
			isa = PBXGroup;
			children = (
				4C1860822AA4E7EE0066CFAE /* NavigationViewMock.swift */,
			);
			path = Mocks;
			sourceTree = "<group>";
		};
		4C18607A2AA4DBE40066CFAE /* Tests */ = {
			isa = PBXGroup;
			children = (
				4C18607B2AA4DC0E0066CFAE /* NavigationUnitPresenterTests.swift */,
			);
			path = Tests;
			sourceTree = "<group>";
		};
		4C18607D2AA4DC490066CFAE /* Mocks */ = {
			isa = PBXGroup;
			children = (
				4C18607E2AA4DC5C0066CFAE /* StateProviderMock.swift */,
			);
			path = Mocks;
			sourceTree = "<group>";
		};
		4C1860842AA4EEFF0066CFAE /* Backlog */ = {
			isa = PBXGroup;
			children = (
				4C1860BF2AA610D60066CFAE /* ViewModels */,
				4C1860982AA50CAB0066CFAE /* View */,
				4C1860852AA4EF1C0066CFAE /* BacklogUnitAssembly.swift */,
				4C1860872AA4EF7A0066CFAE /* BacklogUnitPresenter.swift */,
				4C1860BD2AA610B80066CFAE /* BacklogUnitInteractor.swift */,
			);
			path = Backlog;
			sourceTree = "<group>";
		};
		4C18608E2AA4F7990066CFAE /* Models */ = {
			isa = PBXGroup;
			children = (
				4C18608F2AA4F7B40066CFAE /* BacklogItem.swift */,
			);
			path = Models;
			sourceTree = "<group>";
		};
		4C1860912AA4F93D0066CFAE /* Cells */ = {
			isa = PBXGroup;
			children = (
				4C1860922AA4F9490066CFAE /* TextCell.swift */,
				4C1860942AA4F9530066CFAE /* TextItem.swift */,
				4C1860A82AA519060066CFAE /* ToggleCell.swift */,
				4C1860AA2AA519130066CFAE /* ToggleItem.swift */,
			);
			path = Cells;
			sourceTree = "<group>";
		};
		4C1860982AA50CAB0066CFAE /* View */ = {
			isa = PBXGroup;
			children = (
				4C1860A32AA50FDE0066CFAE /* Protocols */,
				4C1860892AA4F2330066CFAE /* BacklogUnitView.swift */,
				4C1860992AA50CD10066CFAE /* BacklogUnitView+TableDelegate.swift */,
				4C18609B2AA50D000066CFAE /* BacklogUnitView+DataSource.swift */,
			);
			path = View;
			sourceTree = "<group>";
		};
		4C1860A32AA50FDE0066CFAE /* Protocols */ = {
			isa = PBXGroup;
			children = (
				4C18609F2AA50DAF0066CFAE /* BacklogView.swift */,
				4C18609D2AA50D930066CFAE /* BacklogViewOutput.swift */,
			);
			path = Protocols;
			sourceTree = "<group>";
		};
		4C1860AE2AA5AF5E0066CFAE /* Menu */ = {
			isa = PBXGroup;
			children = (
				4C1860AF2AA5AF940066CFAE /* ConfigurableMenu.swift */,
				4C1860B12AA5AFC70066CFAE /* MenuConfiguration.swift */,
				4C1860B32AA5AFED0066CFAE /* MenuItemConfiguration.swift */,
				4C1860B52AA5B00A0066CFAE /* ConfigurableMenuItem.swift */,
			);
			path = Menu;
			sourceTree = "<group>";
		};
		4C1860BF2AA610D60066CFAE /* ViewModels */ = {
			isa = PBXGroup;
			children = (
				4C1860B72AA601820066CFAE /* BacklogRowModel.swift */,
			);
			path = ViewModels;
			sourceTree = "<group>";
		};
		4C1860C02AA612ED0066CFAE /* Backlog */ = {
			isa = PBXGroup;
			children = (
				4C1860C12AA612F80066CFAE /* Mocks */,
				4C1860C22AA612FE0066CFAE /* Tests */,
			);
			path = Backlog;
			sourceTree = "<group>";
		};
		4C1860C12AA612F80066CFAE /* Mocks */ = {
			isa = PBXGroup;
			children = (
				4C1860C32AA6131A0066CFAE /* BacklogViewMock.swift */,
				4C1860C72AA614710066CFAE /* BacklogInteractorMock.swift */,
			);
			path = Mocks;
			sourceTree = "<group>";
		};
		4C1860C22AA612FE0066CFAE /* Tests */ = {
			isa = PBXGroup;
			children = (
				4C1860C52AA613960066CFAE /* BacklogUnitPresenterTests.swift */,
			);
			path = Tests;
			sourceTree = "<group>";
		};
		4C1860C92AA616310066CFAE /* Extensions */ = {
			isa = PBXGroup;
			children = (
				4C1860CA2AA616440066CFAE /* UUID+Extension.swift */,
				4C1860CC2AA616640066CFAE /* String+Extension.swift */,
			);
			path = Extensions;
			sourceTree = "<group>";
		};
/* End PBXGroup section */

/* Begin PBXNativeTarget section */
		4C1860102AA47BE70066CFAE /* Board */ = {
			isa = PBXNativeTarget;
			buildConfigurationList = 4C1860392AA47BE80066CFAE /* Build configuration list for PBXNativeTarget "Board" */;
			buildPhases = (
				4C18600D2AA47BE70066CFAE /* Sources */,
				4C18600E2AA47BE70066CFAE /* Frameworks */,
				4C18600F2AA47BE70066CFAE /* Resources */,
			);
			buildRules = (
			);
			dependencies = (
			);
			name = Board;
			productName = Board;
			productReference = 4C1860112AA47BE70066CFAE /* Board.app */;
			productType = "com.apple.product-type.application";
		};
		4C1860242AA47BE80066CFAE /* BoardTests */ = {
			isa = PBXNativeTarget;
			buildConfigurationList = 4C18603C2AA47BE80066CFAE /* Build configuration list for PBXNativeTarget "BoardTests" */;
			buildPhases = (
				4C1860212AA47BE80066CFAE /* Sources */,
				4C1860222AA47BE80066CFAE /* Frameworks */,
				4C1860232AA47BE80066CFAE /* Resources */,
			);
			buildRules = (
			);
			dependencies = (
				4C1860272AA47BE80066CFAE /* PBXTargetDependency */,
			);
			name = BoardTests;
			productName = BoardTests;
			productReference = 4C1860252AA47BE80066CFAE /* BoardTests.xctest */;
			productType = "com.apple.product-type.bundle.unit-test";
		};
		4C18602E2AA47BE80066CFAE /* BoardUITests */ = {
			isa = PBXNativeTarget;
			buildConfigurationList = 4C18603F2AA47BE80066CFAE /* Build configuration list for PBXNativeTarget "BoardUITests" */;
			buildPhases = (
				4C18602B2AA47BE80066CFAE /* Sources */,
				4C18602C2AA47BE80066CFAE /* Frameworks */,
				4C18602D2AA47BE80066CFAE /* Resources */,
			);
			buildRules = (
			);
			dependencies = (
				4C1860312AA47BE80066CFAE /* PBXTargetDependency */,
			);
			name = BoardUITests;
			productName = BoardUITests;
			productReference = 4C18602F2AA47BE80066CFAE /* BoardUITests.xctest */;
			productType = "com.apple.product-type.bundle.ui-testing";
		};
/* End PBXNativeTarget section */

/* Begin PBXProject section */
		4C1860092AA47BE70066CFAE /* Project object */ = {
			isa = PBXProject;
			attributes = {
				BuildIndependentTargetsInParallel = 1;
				LastSwiftUpdateCheck = 1430;
				LastUpgradeCheck = 1430;
				TargetAttributes = {
					4C1860102AA47BE70066CFAE = {
						CreatedOnToolsVersion = 14.3.1;
					};
					4C1860242AA47BE80066CFAE = {
						CreatedOnToolsVersion = 14.3.1;
						TestTargetID = 4C1860102AA47BE70066CFAE;
					};
					4C18602E2AA47BE80066CFAE = {
						CreatedOnToolsVersion = 14.3.1;
						TestTargetID = 4C1860102AA47BE70066CFAE;
					};
				};
			};
			buildConfigurationList = 4C18600C2AA47BE70066CFAE /* Build configuration list for PBXProject "Board" */;
			compatibilityVersion = "Xcode 14.0";
			developmentRegion = en;
			hasScannedForEncodings = 0;
			knownRegions = (
				en,
				Base,
			);
			mainGroup = 4C1860082AA47BE70066CFAE;
			productRefGroup = 4C1860122AA47BE70066CFAE /* Products */;
			projectDirPath = "";
			projectRoot = "";
			targets = (
				4C1860102AA47BE70066CFAE /* Board */,
				4C1860242AA47BE80066CFAE /* BoardTests */,
				4C18602E2AA47BE80066CFAE /* BoardUITests */,
			);
		};
/* End PBXProject section */

/* Begin PBXResourcesBuildPhase section */
		4C18600F2AA47BE70066CFAE /* Resources */ = {
			isa = PBXResourcesBuildPhase;
			buildActionMask = 2147483647;
			files = (
				4C18601C2AA47BE80066CFAE /* Assets.xcassets in Resources */,
				4C18601F2AA47BE80066CFAE /* Main.storyboard in Resources */,
			);
			runOnlyForDeploymentPostprocessing = 0;
		};
		4C1860232AA47BE80066CFAE /* Resources */ = {
			isa = PBXResourcesBuildPhase;
			buildActionMask = 2147483647;
			files = (
			);
			runOnlyForDeploymentPostprocessing = 0;
		};
		4C18602D2AA47BE80066CFAE /* Resources */ = {
			isa = PBXResourcesBuildPhase;
			buildActionMask = 2147483647;
			files = (
			);
			runOnlyForDeploymentPostprocessing = 0;
		};
/* End PBXResourcesBuildPhase section */

/* Begin PBXSourcesBuildPhase section */
		4C18600D2AA47BE70066CFAE /* Sources */ = {
			isa = PBXSourcesBuildPhase;
			buildActionMask = 2147483647;
			files = (
				4C1860A92AA519060066CFAE /* ToggleCell.swift in Sources */,
				4C1860902AA4F7B40066CFAE /* BacklogItem.swift in Sources */,
				4C1860952AA4F9530066CFAE /* TextItem.swift in Sources */,
				4C1860582AA492780066CFAE /* NavigationUnitView.swift in Sources */,
				4C1860B02AA5AF940066CFAE /* ConfigurableMenu.swift in Sources */,
				4C1860862AA4EF1C0066CFAE /* BacklogUnitAssembly.swift in Sources */,
				4C1860B22AA5AFC70066CFAE /* MenuConfiguration.swift in Sources */,
				4C1860AD2AA59D780066CFAE /* NSImage+Extension.swift in Sources */,
				4C18608D2AA4F5EA0066CFAE /* NSTableView+Extension.swift in Sources */,
				4C1860B82AA601820066CFAE /* BacklogRowModel.swift in Sources */,
				4C1860AB2AA519130066CFAE /* ToggleItem.swift in Sources */,
				4C1860A22AA50E300066CFAE /* NSScrollView+Extension.swift in Sources */,
				4C18601A2AA47BE70066CFAE /* Board.xcdatamodeld in Sources */,
				4C1860722AA4C13D0066CFAE /* StateProvider.swift in Sources */,
				4C1860B42AA5AFED0066CFAE /* MenuItemConfiguration.swift in Sources */,
				4C1860BE2AA610B80066CFAE /* BacklogUnitInteractor.swift in Sources */,
				4C18604A2AA47C9B0066CFAE /* AppRouter.swift in Sources */,
				4C1860702AA4C0EA0066CFAE /* AppState.swift in Sources */,
				4C1860882AA4EF7A0066CFAE /* BacklogUnitPresenter.swift in Sources */,
				4C18608A2AA4F2330066CFAE /* BacklogUnitView.swift in Sources */,
				4C1860692AA4BAA90066CFAE /* ViewOutput.swift in Sources */,
				4C18605E2AA4AAF90066CFAE /* ViewConfiguration.swift in Sources */,
				4C18604D2AA47CB40066CFAE /* NSWindow+Extension.swift in Sources */,
				4C1860522AA47D6F0066CFAE /* NavigationUnitAssembly.swift in Sources */,
				4C18609E2AA50D930066CFAE /* BacklogViewOutput.swift in Sources */,
				4C1860B62AA5B00A0066CFAE /* ConfigurableMenuItem.swift in Sources */,
				4C1860472AA47C6D0066CFAE /* AppCoordinator.swift in Sources */,
				4C1860BC2AA60D790066CFAE /* CGFloat+Extension.swift in Sources */,
				4C1860432AA47C100066CFAE /* main.swift in Sources */,
				4C1860622AA4ACD50066CFAE /* LabelView.swift in Sources */,
				4C18604F2AA47CBA0066CFAE /* ViewController.swift in Sources */,
				4C18605C2AA4AAD80066CFAE /* ConfigurableView.swift in Sources */,
				4C1860932AA4F9490066CFAE /* TextCell.swift in Sources */,
				4C18609A2AA50CD10066CFAE /* BacklogUnitView+TableDelegate.swift in Sources */,
				4C18609C2AA50D000066CFAE /* BacklogUnitView+DataSource.swift in Sources */,
				4C1860BA2AA607740066CFAE /* NSView+Extension.swift in Sources */,
				4C1860A02AA50DAF0066CFAE /* BacklogView.swift in Sources */,
				4C1860562AA48EA10066CFAE /* NavigationUnitPresenter.swift in Sources */,
				4C1860152AA47BE70066CFAE /* AppDelegate.swift in Sources */,
				4C1860672AA4B8E30066CFAE /* NavigationItem.swift in Sources */,
				4C1860642AA4ACF40066CFAE /* LabelConfig.swift in Sources */,
				4C18606E2AA4C0CB0066CFAE /* AppStateProvider.swift in Sources */,
			);
			runOnlyForDeploymentPostprocessing = 0;
		};
		4C1860212AA47BE80066CFAE /* Sources */ = {
			isa = PBXSourcesBuildPhase;
			buildActionMask = 2147483647;
			files = (
				4C1860C82AA614710066CFAE /* BacklogInteractorMock.swift in Sources */,
				4C1860CD2AA616640066CFAE /* String+Extension.swift in Sources */,
				4C1860832AA4E7EE0066CFAE /* NavigationViewMock.swift in Sources */,
				4C1860C42AA6131A0066CFAE /* BacklogViewMock.swift in Sources */,
				4C1860C62AA613960066CFAE /* BacklogUnitPresenterTests.swift in Sources */,
				4C18607F2AA4DC5C0066CFAE /* StateProviderMock.swift in Sources */,
				4C18607C2AA4DC0E0066CFAE /* NavigationUnitPresenterTests.swift in Sources */,
				4C1860CB2AA616440066CFAE /* UUID+Extension.swift in Sources */,
				4C18602A2AA47BE80066CFAE /* BoardTests.swift in Sources */,
			);
			runOnlyForDeploymentPostprocessing = 0;
		};
		4C18602B2AA47BE80066CFAE /* Sources */ = {
			isa = PBXSourcesBuildPhase;
			buildActionMask = 2147483647;
			files = (
				4C1860342AA47BE80066CFAE /* BoardUITests.swift in Sources */,
				4C1860362AA47BE80066CFAE /* BoardUITestsLaunchTests.swift in Sources */,
			);
			runOnlyForDeploymentPostprocessing = 0;
		};
/* End PBXSourcesBuildPhase section */

/* Begin PBXTargetDependency section */
		4C1860272AA47BE80066CFAE /* PBXTargetDependency */ = {
			isa = PBXTargetDependency;
			target = 4C1860102AA47BE70066CFAE /* Board */;
			targetProxy = 4C1860262AA47BE80066CFAE /* PBXContainerItemProxy */;
		};
		4C1860312AA47BE80066CFAE /* PBXTargetDependency */ = {
			isa = PBXTargetDependency;
			target = 4C1860102AA47BE70066CFAE /* Board */;
			targetProxy = 4C1860302AA47BE80066CFAE /* PBXContainerItemProxy */;
		};
/* End PBXTargetDependency section */

/* Begin PBXVariantGroup section */
		4C18601D2AA47BE80066CFAE /* Main.storyboard */ = {
			isa = PBXVariantGroup;
			children = (
				4C18601E2AA47BE80066CFAE /* Base */,
			);
			name = Main.storyboard;
			sourceTree = "<group>";
		};
/* End PBXVariantGroup section */

/* Begin XCBuildConfiguration section */
		4C1860372AA47BE80066CFAE /* Debug */ = {
			isa = XCBuildConfiguration;
			buildSettings = {
				ALWAYS_SEARCH_USER_PATHS = NO;
				CLANG_ANALYZER_NONNULL = YES;
				CLANG_ANALYZER_NUMBER_OBJECT_CONVERSION = YES_AGGRESSIVE;
				CLANG_CXX_LANGUAGE_STANDARD = "gnu++20";
				CLANG_ENABLE_MODULES = YES;
				CLANG_ENABLE_OBJC_ARC = YES;
				CLANG_ENABLE_OBJC_WEAK = YES;
				CLANG_WARN_BLOCK_CAPTURE_AUTORELEASING = YES;
				CLANG_WARN_BOOL_CONVERSION = YES;
				CLANG_WARN_COMMA = YES;
				CLANG_WARN_CONSTANT_CONVERSION = YES;
				CLANG_WARN_DEPRECATED_OBJC_IMPLEMENTATIONS = YES;
				CLANG_WARN_DIRECT_OBJC_ISA_USAGE = YES_ERROR;
				CLANG_WARN_DOCUMENTATION_COMMENTS = YES;
				CLANG_WARN_EMPTY_BODY = YES;
				CLANG_WARN_ENUM_CONVERSION = YES;
				CLANG_WARN_INFINITE_RECURSION = YES;
				CLANG_WARN_INT_CONVERSION = YES;
				CLANG_WARN_NON_LITERAL_NULL_CONVERSION = YES;
				CLANG_WARN_OBJC_IMPLICIT_RETAIN_SELF = YES;
				CLANG_WARN_OBJC_LITERAL_CONVERSION = YES;
				CLANG_WARN_OBJC_ROOT_CLASS = YES_ERROR;
				CLANG_WARN_QUOTED_INCLUDE_IN_FRAMEWORK_HEADER = YES;
				CLANG_WARN_RANGE_LOOP_ANALYSIS = YES;
				CLANG_WARN_STRICT_PROTOTYPES = YES;
				CLANG_WARN_SUSPICIOUS_MOVE = YES;
				CLANG_WARN_UNGUARDED_AVAILABILITY = YES_AGGRESSIVE;
				CLANG_WARN_UNREACHABLE_CODE = YES;
				CLANG_WARN__DUPLICATE_METHOD_MATCH = YES;
				COPY_PHASE_STRIP = NO;
				DEBUG_INFORMATION_FORMAT = dwarf;
				ENABLE_STRICT_OBJC_MSGSEND = YES;
				ENABLE_TESTABILITY = YES;
				GCC_C_LANGUAGE_STANDARD = gnu11;
				GCC_DYNAMIC_NO_PIC = NO;
				GCC_NO_COMMON_BLOCKS = YES;
				GCC_OPTIMIZATION_LEVEL = 0;
				GCC_PREPROCESSOR_DEFINITIONS = (
					"DEBUG=1",
					"$(inherited)",
				);
				GCC_WARN_64_TO_32_BIT_CONVERSION = YES;
				GCC_WARN_ABOUT_RETURN_TYPE = YES_ERROR;
				GCC_WARN_UNDECLARED_SELECTOR = YES;
				GCC_WARN_UNINITIALIZED_AUTOS = YES_AGGRESSIVE;
				GCC_WARN_UNUSED_FUNCTION = YES;
				GCC_WARN_UNUSED_VARIABLE = YES;
				MACOSX_DEPLOYMENT_TARGET = 13.3;
				MTL_ENABLE_DEBUG_INFO = INCLUDE_SOURCE;
				MTL_FAST_MATH = YES;
				ONLY_ACTIVE_ARCH = YES;
				SDKROOT = macosx;
				SWIFT_ACTIVE_COMPILATION_CONDITIONS = DEBUG;
				SWIFT_OPTIMIZATION_LEVEL = "-Onone";
			};
			name = Debug;
		};
		4C1860382AA47BE80066CFAE /* Release */ = {
			isa = XCBuildConfiguration;
			buildSettings = {
				ALWAYS_SEARCH_USER_PATHS = NO;
				CLANG_ANALYZER_NONNULL = YES;
				CLANG_ANALYZER_NUMBER_OBJECT_CONVERSION = YES_AGGRESSIVE;
				CLANG_CXX_LANGUAGE_STANDARD = "gnu++20";
				CLANG_ENABLE_MODULES = YES;
				CLANG_ENABLE_OBJC_ARC = YES;
				CLANG_ENABLE_OBJC_WEAK = YES;
				CLANG_WARN_BLOCK_CAPTURE_AUTORELEASING = YES;
				CLANG_WARN_BOOL_CONVERSION = YES;
				CLANG_WARN_COMMA = YES;
				CLANG_WARN_CONSTANT_CONVERSION = YES;
				CLANG_WARN_DEPRECATED_OBJC_IMPLEMENTATIONS = YES;
				CLANG_WARN_DIRECT_OBJC_ISA_USAGE = YES_ERROR;
				CLANG_WARN_DOCUMENTATION_COMMENTS = YES;
				CLANG_WARN_EMPTY_BODY = YES;
				CLANG_WARN_ENUM_CONVERSION = YES;
				CLANG_WARN_INFINITE_RECURSION = YES;
				CLANG_WARN_INT_CONVERSION = YES;
				CLANG_WARN_NON_LITERAL_NULL_CONVERSION = YES;
				CLANG_WARN_OBJC_IMPLICIT_RETAIN_SELF = YES;
				CLANG_WARN_OBJC_LITERAL_CONVERSION = YES;
				CLANG_WARN_OBJC_ROOT_CLASS = YES_ERROR;
				CLANG_WARN_QUOTED_INCLUDE_IN_FRAMEWORK_HEADER = YES;
				CLANG_WARN_RANGE_LOOP_ANALYSIS = YES;
				CLANG_WARN_STRICT_PROTOTYPES = YES;
				CLANG_WARN_SUSPICIOUS_MOVE = YES;
				CLANG_WARN_UNGUARDED_AVAILABILITY = YES_AGGRESSIVE;
				CLANG_WARN_UNREACHABLE_CODE = YES;
				CLANG_WARN__DUPLICATE_METHOD_MATCH = YES;
				COPY_PHASE_STRIP = NO;
				DEBUG_INFORMATION_FORMAT = "dwarf-with-dsym";
				ENABLE_NS_ASSERTIONS = NO;
				ENABLE_STRICT_OBJC_MSGSEND = YES;
				GCC_C_LANGUAGE_STANDARD = gnu11;
				GCC_NO_COMMON_BLOCKS = YES;
				GCC_WARN_64_TO_32_BIT_CONVERSION = YES;
				GCC_WARN_ABOUT_RETURN_TYPE = YES_ERROR;
				GCC_WARN_UNDECLARED_SELECTOR = YES;
				GCC_WARN_UNINITIALIZED_AUTOS = YES_AGGRESSIVE;
				GCC_WARN_UNUSED_FUNCTION = YES;
				GCC_WARN_UNUSED_VARIABLE = YES;
				MACOSX_DEPLOYMENT_TARGET = 13.3;
				MTL_ENABLE_DEBUG_INFO = NO;
				MTL_FAST_MATH = YES;
				SDKROOT = macosx;
				SWIFT_COMPILATION_MODE = wholemodule;
				SWIFT_OPTIMIZATION_LEVEL = "-O";
			};
			name = Release;
		};
		4C18603A2AA47BE80066CFAE /* Debug */ = {
			isa = XCBuildConfiguration;
			buildSettings = {
				ASSETCATALOG_COMPILER_APPICON_NAME = AppIcon;
				ASSETCATALOG_COMPILER_GLOBAL_ACCENT_COLOR_NAME = AccentColor;
				CODE_SIGN_ENTITLEMENTS = Board/Board.entitlements;
				CODE_SIGN_STYLE = Automatic;
				COMBINE_HIDPI_IMAGES = YES;
				CURRENT_PROJECT_VERSION = 1;
				DEVELOPMENT_TEAM = 48KV35Y6PN;
				ENABLE_HARDENED_RUNTIME = YES;
				GENERATE_INFOPLIST_FILE = YES;
				INFOPLIST_KEY_LSApplicationCategoryType = "public.app-category.utilities";
				INFOPLIST_KEY_NSHumanReadableCopyright = "";
				INFOPLIST_KEY_NSPrincipalClass = NSApplication;
				LD_RUNPATH_SEARCH_PATHS = (
					"$(inherited)",
					"@executable_path/../Frameworks",
				);
				MACOSX_DEPLOYMENT_TARGET = 11.0;
				MARKETING_VERSION = 1.0;
				PRODUCT_BUNDLE_IDENTIFIER = com.paperwave.Board;
				PRODUCT_NAME = "$(TARGET_NAME)";
				SWIFT_EMIT_LOC_STRINGS = YES;
				SWIFT_VERSION = 5.0;
			};
			name = Debug;
		};
		4C18603B2AA47BE80066CFAE /* Release */ = {
			isa = XCBuildConfiguration;
			buildSettings = {
				ASSETCATALOG_COMPILER_APPICON_NAME = AppIcon;
				ASSETCATALOG_COMPILER_GLOBAL_ACCENT_COLOR_NAME = AccentColor;
				CODE_SIGN_ENTITLEMENTS = Board/Board.entitlements;
				CODE_SIGN_STYLE = Automatic;
				COMBINE_HIDPI_IMAGES = YES;
				CURRENT_PROJECT_VERSION = 1;
				DEVELOPMENT_TEAM = 48KV35Y6PN;
				ENABLE_HARDENED_RUNTIME = YES;
				GENERATE_INFOPLIST_FILE = YES;
				INFOPLIST_KEY_LSApplicationCategoryType = "public.app-category.utilities";
				INFOPLIST_KEY_NSHumanReadableCopyright = "";
				INFOPLIST_KEY_NSPrincipalClass = NSApplication;
				LD_RUNPATH_SEARCH_PATHS = (
					"$(inherited)",
					"@executable_path/../Frameworks",
				);
				MACOSX_DEPLOYMENT_TARGET = 11.0;
				MARKETING_VERSION = 1.0;
				PRODUCT_BUNDLE_IDENTIFIER = com.paperwave.Board;
				PRODUCT_NAME = "$(TARGET_NAME)";
				SWIFT_EMIT_LOC_STRINGS = YES;
				SWIFT_VERSION = 5.0;
			};
			name = Release;
		};
		4C18603D2AA47BE80066CFAE /* Debug */ = {
			isa = XCBuildConfiguration;
			buildSettings = {
				ALWAYS_EMBED_SWIFT_STANDARD_LIBRARIES = YES;
				BUNDLE_LOADER = "$(TEST_HOST)";
				CODE_SIGN_STYLE = Automatic;
				CURRENT_PROJECT_VERSION = 1;
				DEVELOPMENT_TEAM = 48KV35Y6PN;
				GENERATE_INFOPLIST_FILE = YES;
				MACOSX_DEPLOYMENT_TARGET = 11.0;
				MARKETING_VERSION = 1.0;
				PRODUCT_BUNDLE_IDENTIFIER = com.paperwave.BoardTests;
				PRODUCT_NAME = "$(TARGET_NAME)";
				SWIFT_EMIT_LOC_STRINGS = NO;
				SWIFT_VERSION = 5.0;
				TEST_HOST = "$(BUILT_PRODUCTS_DIR)/Board.app/$(BUNDLE_EXECUTABLE_FOLDER_PATH)/Board";
			};
			name = Debug;
		};
		4C18603E2AA47BE80066CFAE /* Release */ = {
			isa = XCBuildConfiguration;
			buildSettings = {
				ALWAYS_EMBED_SWIFT_STANDARD_LIBRARIES = YES;
				BUNDLE_LOADER = "$(TEST_HOST)";
				CODE_SIGN_STYLE = Automatic;
				CURRENT_PROJECT_VERSION = 1;
				DEVELOPMENT_TEAM = 48KV35Y6PN;
				GENERATE_INFOPLIST_FILE = YES;
				MACOSX_DEPLOYMENT_TARGET = 11.0;
				MARKETING_VERSION = 1.0;
				PRODUCT_BUNDLE_IDENTIFIER = com.paperwave.BoardTests;
				PRODUCT_NAME = "$(TARGET_NAME)";
				SWIFT_EMIT_LOC_STRINGS = NO;
				SWIFT_VERSION = 5.0;
				TEST_HOST = "$(BUILT_PRODUCTS_DIR)/Board.app/$(BUNDLE_EXECUTABLE_FOLDER_PATH)/Board";
			};
			name = Release;
		};
		4C1860402AA47BE80066CFAE /* Debug */ = {
			isa = XCBuildConfiguration;
			buildSettings = {
				ALWAYS_EMBED_SWIFT_STANDARD_LIBRARIES = YES;
				CODE_SIGN_STYLE = Automatic;
				CURRENT_PROJECT_VERSION = 1;
				DEVELOPMENT_TEAM = 48KV35Y6PN;
				GENERATE_INFOPLIST_FILE = YES;
				MARKETING_VERSION = 1.0;
				PRODUCT_BUNDLE_IDENTIFIER = com.paperwave.BoardUITests;
				PRODUCT_NAME = "$(TARGET_NAME)";
				SWIFT_EMIT_LOC_STRINGS = NO;
				SWIFT_VERSION = 5.0;
				TEST_TARGET_NAME = Board;
			};
			name = Debug;
		};
		4C1860412AA47BE80066CFAE /* Release */ = {
			isa = XCBuildConfiguration;
			buildSettings = {
				ALWAYS_EMBED_SWIFT_STANDARD_LIBRARIES = YES;
				CODE_SIGN_STYLE = Automatic;
				CURRENT_PROJECT_VERSION = 1;
				DEVELOPMENT_TEAM = 48KV35Y6PN;
				GENERATE_INFOPLIST_FILE = YES;
				MARKETING_VERSION = 1.0;
				PRODUCT_BUNDLE_IDENTIFIER = com.paperwave.BoardUITests;
				PRODUCT_NAME = "$(TARGET_NAME)";
				SWIFT_EMIT_LOC_STRINGS = NO;
				SWIFT_VERSION = 5.0;
				TEST_TARGET_NAME = Board;
			};
			name = Release;
		};
/* End XCBuildConfiguration section */

/* Begin XCConfigurationList section */
		4C18600C2AA47BE70066CFAE /* Build configuration list for PBXProject "Board" */ = {
			isa = XCConfigurationList;
			buildConfigurations = (
				4C1860372AA47BE80066CFAE /* Debug */,
				4C1860382AA47BE80066CFAE /* Release */,
			);
			defaultConfigurationIsVisible = 0;
			defaultConfigurationName = Release;
		};
		4C1860392AA47BE80066CFAE /* Build configuration list for PBXNativeTarget "Board" */ = {
			isa = XCConfigurationList;
			buildConfigurations = (
				4C18603A2AA47BE80066CFAE /* Debug */,
				4C18603B2AA47BE80066CFAE /* Release */,
			);
			defaultConfigurationIsVisible = 0;
			defaultConfigurationName = Release;
		};
		4C18603C2AA47BE80066CFAE /* Build configuration list for PBXNativeTarget "BoardTests" */ = {
			isa = XCConfigurationList;
			buildConfigurations = (
				4C18603D2AA47BE80066CFAE /* Debug */,
				4C18603E2AA47BE80066CFAE /* Release */,
			);
			defaultConfigurationIsVisible = 0;
			defaultConfigurationName = Release;
		};
		4C18603F2AA47BE80066CFAE /* Build configuration list for PBXNativeTarget "BoardUITests" */ = {
			isa = XCConfigurationList;
			buildConfigurations = (
				4C1860402AA47BE80066CFAE /* Debug */,
				4C1860412AA47BE80066CFAE /* Release */,
			);
			defaultConfigurationIsVisible = 0;
			defaultConfigurationName = Release;
		};
/* End XCConfigurationList section */

/* Begin XCVersionGroup section */
		4C1860182AA47BE70066CFAE /* Board.xcdatamodeld */ = {
			isa = XCVersionGroup;
			children = (
				4C1860192AA47BE70066CFAE /* Board.xcdatamodel */,
			);
			currentVersion = 4C1860192AA47BE70066CFAE /* Board.xcdatamodel */;
			path = Board.xcdatamodeld;
			sourceTree = "<group>";
			versionGroupType = wrapper.xcdatamodel;
		};
/* End XCVersionGroup section */
	};
	rootObject = 4C1860092AA47BE70066CFAE /* Project object */;
}
